// !$*UTF8*$!
{
	archiveVersion = 1;
	classes = {
	};
	objectVersion = 52;
	objects = {

/* Begin PBXBuildFile section */
		F9361FB52490F8D700ADE1D8 /* AppDelegate.swift in Sources */ = {isa = PBXBuildFile; fileRef = F9361FB42490F8D700ADE1D8 /* AppDelegate.swift */; };
		F9361FB72490F8D700ADE1D8 /* SceneDelegate.swift in Sources */ = {isa = PBXBuildFile; fileRef = F9361FB62490F8D700ADE1D8 /* SceneDelegate.swift */; };
		F9361FB92490F8D700ADE1D8 /* LoginController.swift in Sources */ = {isa = PBXBuildFile; fileRef = F9361FB82490F8D700ADE1D8 /* LoginController.swift */; };
		F9361FBE2490F8D900ADE1D8 /* Assets.xcassets in Resources */ = {isa = PBXBuildFile; fileRef = F9361FBD2490F8D900ADE1D8 /* Assets.xcassets */; };
		F9361FC12490F8D900ADE1D8 /* LaunchScreen.storyboard in Resources */ = {isa = PBXBuildFile; fileRef = F9361FBF2490F8D900ADE1D8 /* LaunchScreen.storyboard */; };
		F9447BA6249DF65F00C80DF9 /* Alamofire in Frameworks */ = {isa = PBXBuildFile; productRef = F9447BA5249DF65F00C80DF9 /* Alamofire */; };
		F9447BA9249E052100C80DF9 /* NetworkService.swift in Sources */ = {isa = PBXBuildFile; fileRef = F9447BA8249E052100C80DF9 /* NetworkService.swift */; };
		F94BC017249F76FE002ACA08 /* MainController.swift in Sources */ = {isa = PBXBuildFile; fileRef = F94BC016249F76FE002ACA08 /* MainController.swift */; };
		F94BC01B24A0977F002ACA08 /* AvatarImageView.swift in Sources */ = {isa = PBXBuildFile; fileRef = F94BC01A24A0977F002ACA08 /* AvatarImageView.swift */; };
		F94BC02324A0BCF1002ACA08 /* FriendsPresenter.swift in Sources */ = {isa = PBXBuildFile; fileRef = F94BC01D24A0BCF1002ACA08 /* FriendsPresenter.swift */; };
		F94BC02424A0BCF1002ACA08 /* FriendsWorker.swift in Sources */ = {isa = PBXBuildFile; fileRef = F94BC01E24A0BCF1002ACA08 /* FriendsWorker.swift */; };
		F94BC02524A0BCF1002ACA08 /* FriendsRouter.swift in Sources */ = {isa = PBXBuildFile; fileRef = F94BC01F24A0BCF1002ACA08 /* FriendsRouter.swift */; };
		F94BC02624A0BCF1002ACA08 /* FriendsModels.swift in Sources */ = {isa = PBXBuildFile; fileRef = F94BC02024A0BCF1002ACA08 /* FriendsModels.swift */; };
		F94BC02724A0BCF1002ACA08 /* FriendsViewController.swift in Sources */ = {isa = PBXBuildFile; fileRef = F94BC02124A0BCF1002ACA08 /* FriendsViewController.swift */; };
		F94BC02824A0BCF1002ACA08 /* FriendsInteractor.swift in Sources */ = {isa = PBXBuildFile; fileRef = F94BC02224A0BCF1002ACA08 /* FriendsInteractor.swift */; };
		F94BC02D24A0CF43002ACA08 /* UserResponse.swift in Sources */ = {isa = PBXBuildFile; fileRef = F94BC02C24A0CF43002ACA08 /* UserResponse.swift */; };
		F94BC02F24A0F034002ACA08 /* PhotoResponse.swift in Sources */ = {isa = PBXBuildFile; fileRef = F94BC02E24A0F034002ACA08 /* PhotoResponse.swift */; };
		F94BC03124A1DD8F002ACA08 /* CountableItem.swift in Sources */ = {isa = PBXBuildFile; fileRef = F94BC03024A1DD8F002ACA08 /* CountableItem.swift */; };
		F94BC03324A1F186002ACA08 /* GroupResponse.swift in Sources */ = {isa = PBXBuildFile; fileRef = F94BC03224A1F186002ACA08 /* GroupResponse.swift */; };
		F94BC03724A1F79F002ACA08 /* ResponseWrapper.swift in Sources */ = {isa = PBXBuildFile; fileRef = F94BC03624A1F79F002ACA08 /* ResponseWrapper.swift */; };
		F94BC03924A20DED002ACA08 /* UserTableViewCell.swift in Sources */ = {isa = PBXBuildFile; fileRef = F94BC03824A20DED002ACA08 /* UserTableViewCell.swift */; };
		F94BC03B24A251BA002ACA08 /* DataFetcher.swift in Sources */ = {isa = PBXBuildFile; fileRef = F94BC03A24A251BA002ACA08 /* DataFetcher.swift */; };
		F94BC03D24A252C5002ACA08 /* NetworkDataFetcher.swift in Sources */ = {isa = PBXBuildFile; fileRef = F94BC03C24A252C5002ACA08 /* NetworkDataFetcher.swift */; };
		F94BC06924A36F92002ACA08 /* Kingfisher in Frameworks */ = {isa = PBXBuildFile; productRef = F94BC06824A36F92002ACA08 /* Kingfisher */; };
		F94BC06B24A37A11002ACA08 /* GalleryFlowLayout.swift in Sources */ = {isa = PBXBuildFile; fileRef = F94BC06A24A37A11002ACA08 /* GalleryFlowLayout.swift */; };
		F94BC07324A37AB1002ACA08 /* UserProfilePresenter.swift in Sources */ = {isa = PBXBuildFile; fileRef = F94BC06D24A37AB1002ACA08 /* UserProfilePresenter.swift */; };
		F94BC07424A37AB1002ACA08 /* UserProfileWorker.swift in Sources */ = {isa = PBXBuildFile; fileRef = F94BC06E24A37AB1002ACA08 /* UserProfileWorker.swift */; };
		F94BC07524A37AB1002ACA08 /* UserProfileRouter.swift in Sources */ = {isa = PBXBuildFile; fileRef = F94BC06F24A37AB1002ACA08 /* UserProfileRouter.swift */; };
		F94BC07624A37AB1002ACA08 /* UserProfileModels.swift in Sources */ = {isa = PBXBuildFile; fileRef = F94BC07024A37AB1002ACA08 /* UserProfileModels.swift */; };
		F94BC07724A37AB1002ACA08 /* UserProfileViewController.swift in Sources */ = {isa = PBXBuildFile; fileRef = F94BC07124A37AB1002ACA08 /* UserProfileViewController.swift */; };
		F94BC07824A37AB1002ACA08 /* UserProfileInteractor.swift in Sources */ = {isa = PBXBuildFile; fileRef = F94BC07224A37AB1002ACA08 /* UserProfileInteractor.swift */; };
		F94BC09A24A39C2D002ACA08 /* UserViewControl.swift in Sources */ = {isa = PBXBuildFile; fileRef = F94BC09924A39C2D002ACA08 /* UserViewControl.swift */; };
		F94BC09C24A5EB7A002ACA08 /* ButtonsPanel.swift in Sources */ = {isa = PBXBuildFile; fileRef = F94BC09B24A5EB7A002ACA08 /* ButtonsPanel.swift */; };
		F9FCE21A2491060900993EC4 /* UIView+Extension.swift in Sources */ = {isa = PBXBuildFile; fileRef = F9FCE2192491060900993EC4 /* UIView+Extension.swift */; };
		F9FCE21E24911A2700993EC4 /* Session.swift in Sources */ = {isa = PBXBuildFile; fileRef = F9FCE21D24911A2700993EC4 /* Session.swift */; };
/* End PBXBuildFile section */

/* Begin PBXFileReference section */
		F9361FB12490F8D700ADE1D8 /* vk.app */ = {isa = PBXFileReference; explicitFileType = wrapper.application; includeInIndex = 0; path = vk.app; sourceTree = BUILT_PRODUCTS_DIR; };
		F9361FB42490F8D700ADE1D8 /* AppDelegate.swift */ = {isa = PBXFileReference; lastKnownFileType = sourcecode.swift; path = AppDelegate.swift; sourceTree = "<group>"; };
		F9361FB62490F8D700ADE1D8 /* SceneDelegate.swift */ = {isa = PBXFileReference; lastKnownFileType = sourcecode.swift; path = SceneDelegate.swift; sourceTree = "<group>"; };
		F9361FB82490F8D700ADE1D8 /* LoginController.swift */ = {isa = PBXFileReference; lastKnownFileType = sourcecode.swift; path = LoginController.swift; sourceTree = "<group>"; };
		F9361FBD2490F8D900ADE1D8 /* Assets.xcassets */ = {isa = PBXFileReference; lastKnownFileType = folder.assetcatalog; path = Assets.xcassets; sourceTree = "<group>"; };
		F9361FC02490F8D900ADE1D8 /* Base */ = {isa = PBXFileReference; lastKnownFileType = file.storyboard; name = Base; path = Base.lproj/LaunchScreen.storyboard; sourceTree = "<group>"; };
		F9361FC22490F8D900ADE1D8 /* Info.plist */ = {isa = PBXFileReference; lastKnownFileType = text.plist.xml; path = Info.plist; sourceTree = "<group>"; };
		F9447BA8249E052100C80DF9 /* NetworkService.swift */ = {isa = PBXFileReference; lastKnownFileType = sourcecode.swift; path = NetworkService.swift; sourceTree = "<group>"; };
		F94BC016249F76FE002ACA08 /* MainController.swift */ = {isa = PBXFileReference; lastKnownFileType = sourcecode.swift; path = MainController.swift; sourceTree = "<group>"; };
		F94BC01A24A0977F002ACA08 /* AvatarImageView.swift */ = {isa = PBXFileReference; lastKnownFileType = sourcecode.swift; path = AvatarImageView.swift; sourceTree = "<group>"; };
		F94BC01D24A0BCF1002ACA08 /* FriendsPresenter.swift */ = {isa = PBXFileReference; lastKnownFileType = sourcecode.swift; path = FriendsPresenter.swift; sourceTree = "<group>"; };
		F94BC01E24A0BCF1002ACA08 /* FriendsWorker.swift */ = {isa = PBXFileReference; lastKnownFileType = sourcecode.swift; path = FriendsWorker.swift; sourceTree = "<group>"; };
		F94BC01F24A0BCF1002ACA08 /* FriendsRouter.swift */ = {isa = PBXFileReference; lastKnownFileType = sourcecode.swift; path = FriendsRouter.swift; sourceTree = "<group>"; };
		F94BC02024A0BCF1002ACA08 /* FriendsModels.swift */ = {isa = PBXFileReference; lastKnownFileType = sourcecode.swift; path = FriendsModels.swift; sourceTree = "<group>"; };
		F94BC02124A0BCF1002ACA08 /* FriendsViewController.swift */ = {isa = PBXFileReference; lastKnownFileType = sourcecode.swift; path = FriendsViewController.swift; sourceTree = "<group>"; };
		F94BC02224A0BCF1002ACA08 /* FriendsInteractor.swift */ = {isa = PBXFileReference; lastKnownFileType = sourcecode.swift; path = FriendsInteractor.swift; sourceTree = "<group>"; };
		F94BC02C24A0CF43002ACA08 /* UserResponse.swift */ = {isa = PBXFileReference; lastKnownFileType = sourcecode.swift; path = UserResponse.swift; sourceTree = "<group>"; };
		F94BC02E24A0F034002ACA08 /* PhotoResponse.swift */ = {isa = PBXFileReference; lastKnownFileType = sourcecode.swift; path = PhotoResponse.swift; sourceTree = "<group>"; };
		F94BC03024A1DD8F002ACA08 /* CountableItem.swift */ = {isa = PBXFileReference; lastKnownFileType = sourcecode.swift; path = CountableItem.swift; sourceTree = "<group>"; };
		F94BC03224A1F186002ACA08 /* GroupResponse.swift */ = {isa = PBXFileReference; lastKnownFileType = sourcecode.swift; path = GroupResponse.swift; sourceTree = "<group>"; };
		F94BC03624A1F79F002ACA08 /* ResponseWrapper.swift */ = {isa = PBXFileReference; lastKnownFileType = sourcecode.swift; path = ResponseWrapper.swift; sourceTree = "<group>"; };
		F94BC03824A20DED002ACA08 /* UserTableViewCell.swift */ = {isa = PBXFileReference; lastKnownFileType = sourcecode.swift; path = UserTableViewCell.swift; sourceTree = "<group>"; };
		F94BC03A24A251BA002ACA08 /* DataFetcher.swift */ = {isa = PBXFileReference; lastKnownFileType = sourcecode.swift; path = DataFetcher.swift; sourceTree = "<group>"; };
		F94BC03C24A252C5002ACA08 /* NetworkDataFetcher.swift */ = {isa = PBXFileReference; lastKnownFileType = sourcecode.swift; path = NetworkDataFetcher.swift; sourceTree = "<group>"; };
		F94BC06A24A37A11002ACA08 /* GalleryFlowLayout.swift */ = {isa = PBXFileReference; lastKnownFileType = sourcecode.swift; path = GalleryFlowLayout.swift; sourceTree = "<group>"; };
		F94BC06D24A37AB1002ACA08 /* UserProfilePresenter.swift */ = {isa = PBXFileReference; lastKnownFileType = sourcecode.swift; path = UserProfilePresenter.swift; sourceTree = "<group>"; };
		F94BC06E24A37AB1002ACA08 /* UserProfileWorker.swift */ = {isa = PBXFileReference; lastKnownFileType = sourcecode.swift; path = UserProfileWorker.swift; sourceTree = "<group>"; };
		F94BC06F24A37AB1002ACA08 /* UserProfileRouter.swift */ = {isa = PBXFileReference; lastKnownFileType = sourcecode.swift; path = UserProfileRouter.swift; sourceTree = "<group>"; };
		F94BC07024A37AB1002ACA08 /* UserProfileModels.swift */ = {isa = PBXFileReference; lastKnownFileType = sourcecode.swift; path = UserProfileModels.swift; sourceTree = "<group>"; };
		F94BC07124A37AB1002ACA08 /* UserProfileViewController.swift */ = {isa = PBXFileReference; lastKnownFileType = sourcecode.swift; path = UserProfileViewController.swift; sourceTree = "<group>"; };
		F94BC07224A37AB1002ACA08 /* UserProfileInteractor.swift */ = {isa = PBXFileReference; lastKnownFileType = sourcecode.swift; path = UserProfileInteractor.swift; sourceTree = "<group>"; };
		F94BC09924A39C2D002ACA08 /* UserViewControl.swift */ = {isa = PBXFileReference; lastKnownFileType = sourcecode.swift; path = UserViewControl.swift; sourceTree = "<group>"; };
		F94BC09B24A5EB7A002ACA08 /* ButtonsPanel.swift */ = {isa = PBXFileReference; lastKnownFileType = sourcecode.swift; path = ButtonsPanel.swift; sourceTree = "<group>"; };
		F9FCE2192491060900993EC4 /* UIView+Extension.swift */ = {isa = PBXFileReference; lastKnownFileType = sourcecode.swift; path = "UIView+Extension.swift"; sourceTree = "<group>"; };
		F9FCE21D24911A2700993EC4 /* Session.swift */ = {isa = PBXFileReference; lastKnownFileType = sourcecode.swift; path = Session.swift; sourceTree = "<group>"; };
/* End PBXFileReference section */

/* Begin PBXFrameworksBuildPhase section */
		F9361FAE2490F8D700ADE1D8 /* Frameworks */ = {
			isa = PBXFrameworksBuildPhase;
			buildActionMask = 2147483647;
			files = (
				F94BC06924A36F92002ACA08 /* Kingfisher in Frameworks */,
				F9447BA6249DF65F00C80DF9 /* Alamofire in Frameworks */,
			);
			runOnlyForDeploymentPostprocessing = 0;
		};
/* End PBXFrameworksBuildPhase section */

/* Begin PBXGroup section */
		22909D16249FAA3500CA8792 /* Resources */ = {
			isa = PBXGroup;
			children = (
				F9361FBD2490F8D900ADE1D8 /* Assets.xcassets */,
				F9361FBF2490F8D900ADE1D8 /* LaunchScreen.storyboard */,
			);
			path = Resources;
			sourceTree = "<group>";
		};
		F9361FA82490F8D700ADE1D8 = {
			isa = PBXGroup;
			children = (
				F9361FB32490F8D700ADE1D8 /* vk */,
				F9361FB22490F8D700ADE1D8 /* Products */,
			);
			sourceTree = "<group>";
		};
		F9361FB22490F8D700ADE1D8 /* Products */ = {
			isa = PBXGroup;
			children = (
				F9361FB12490F8D700ADE1D8 /* vk.app */,
			);
			name = Products;
			sourceTree = "<group>";
		};
		F9361FB32490F8D700ADE1D8 /* vk */ = {
			isa = PBXGroup;
			children = (
				F94BC01C24A0BC7F002ACA08 /* Controllers */,
				F9361FC22490F8D900ADE1D8 /* Info.plist */,
				22909D16249FAA3500CA8792 /* Resources */,
				F9447BA7249E050300C80DF9 /* Services */,
				F9FCE218249105DC00993EC4 /* Helpers */,
				F9361FB82490F8D700ADE1D8 /* LoginController.swift */,
				F94BC016249F76FE002ACA08 /* MainController.swift */,
			);
			path = vk;
			sourceTree = "<group>";
		};
		F9447BA7249E050300C80DF9 /* Services */ = {
			isa = PBXGroup;
			children = (
				F94BC018249F8ABA002ACA08 /* Model */,
				F9FCE21D24911A2700993EC4 /* Session.swift */,
				F9447BA8249E052100C80DF9 /* NetworkService.swift */,
				F94BC03A24A251BA002ACA08 /* DataFetcher.swift */,
				F94BC03C24A252C5002ACA08 /* NetworkDataFetcher.swift */,
			);
			path = Services;
			sourceTree = "<group>";
		};
		F94BC018249F8ABA002ACA08 /* Model */ = {
			isa = PBXGroup;
			children = (
				F94BC02C24A0CF43002ACA08 /* UserResponse.swift */,
				F94BC02E24A0F034002ACA08 /* PhotoResponse.swift */,
				F94BC03024A1DD8F002ACA08 /* CountableItem.swift */,
				F94BC03224A1F186002ACA08 /* GroupResponse.swift */,
				F94BC03624A1F79F002ACA08 /* ResponseWrapper.swift */,
			);
			path = Model;
			sourceTree = "<group>";
		};
		F94BC01924A096F8002ACA08 /* Controls */ = {
			isa = PBXGroup;
			children = (
				F94BC01A24A0977F002ACA08 /* AvatarImageView.swift */,
				F94BC03824A20DED002ACA08 /* UserTableViewCell.swift */,
				F94BC06A24A37A11002ACA08 /* GalleryFlowLayout.swift */,
				F94BC09924A39C2D002ACA08 /* UserViewControl.swift */,
				F94BC09B24A5EB7A002ACA08 /* ButtonsPanel.swift */,
			);
			path = Controls;
			sourceTree = "<group>";
		};
		F94BC01C24A0BC7F002ACA08 /* Controllers */ = {
			isa = PBXGroup;
			children = (
				F94BC01924A096F8002ACA08 /* Controls */,
				F94BC06C24A37A6A002ACA08 /* UserProfile */,
				F94BC02924A0BCF7002ACA08 /* Friends */,
			);
			path = Controllers;
			sourceTree = "<group>";
		};
		F94BC02924A0BCF7002ACA08 /* Friends */ = {
			isa = PBXGroup;
			children = (
				F94BC01D24A0BCF1002ACA08 /* FriendsPresenter.swift */,
				F94BC01E24A0BCF1002ACA08 /* FriendsWorker.swift */,
				F94BC01F24A0BCF1002ACA08 /* FriendsRouter.swift */,
				F94BC02024A0BCF1002ACA08 /* FriendsModels.swift */,
				F94BC02124A0BCF1002ACA08 /* FriendsViewController.swift */,
				F94BC02224A0BCF1002ACA08 /* FriendsInteractor.swift */,
			);
			path = Friends;
			sourceTree = "<group>";
		};
		F94BC06C24A37A6A002ACA08 /* UserProfile */ = {
			isa = PBXGroup;
			children = (
				F94BC06D24A37AB1002ACA08 /* UserProfilePresenter.swift */,
				F94BC06E24A37AB1002ACA08 /* UserProfileWorker.swift */,
				F94BC06F24A37AB1002ACA08 /* UserProfileRouter.swift */,
				F94BC07024A37AB1002ACA08 /* UserProfileModels.swift */,
				F94BC07124A37AB1002ACA08 /* UserProfileViewController.swift */,
				F94BC07224A37AB1002ACA08 /* UserProfileInteractor.swift */,
			);
			path = UserProfile;
			sourceTree = "<group>";
		};
		F9FCE218249105DC00993EC4 /* Helpers */ = {
			isa = PBXGroup;
			children = (
				F9361FB62490F8D700ADE1D8 /* SceneDelegate.swift */,
				F9361FB42490F8D700ADE1D8 /* AppDelegate.swift */,
				F9FCE2192491060900993EC4 /* UIView+Extension.swift */,
			);
			path = Helpers;
			sourceTree = "<group>";
		};
/* End PBXGroup section */

/* Begin PBXNativeTarget section */
		F9361FB02490F8D700ADE1D8 /* vk */ = {
			isa = PBXNativeTarget;
			buildConfigurationList = F9361FC52490F8D900ADE1D8 /* Build configuration list for PBXNativeTarget "vk" */;
			buildPhases = (
				F9361FAD2490F8D700ADE1D8 /* Sources */,
				F9361FAE2490F8D700ADE1D8 /* Frameworks */,
				F9361FAF2490F8D700ADE1D8 /* Resources */,
			);
			buildRules = (
			);
			dependencies = (
			);
			name = vk;
			packageProductDependencies = (
				F9447BA5249DF65F00C80DF9 /* Alamofire */,
				F94BC06824A36F92002ACA08 /* Kingfisher */,
			);
			productName = vk;
			productReference = F9361FB12490F8D700ADE1D8 /* vk.app */;
			productType = "com.apple.product-type.application";
		};
/* End PBXNativeTarget section */

/* Begin PBXProject section */
		F9361FA92490F8D700ADE1D8 /* Project object */ = {
			isa = PBXProject;
			attributes = {
				LastSwiftUpdateCheck = 1150;
				LastUpgradeCheck = 1150;
				ORGANIZATIONNAME = "Slava V. Lysakov";
				TargetAttributes = {
					F9361FB02490F8D700ADE1D8 = {
						CreatedOnToolsVersion = 11.5;
					};
				};
			};
			buildConfigurationList = F9361FAC2490F8D700ADE1D8 /* Build configuration list for PBXProject "vk" */;
			compatibilityVersion = "Xcode 9.3";
			developmentRegion = en;
			hasScannedForEncodings = 0;
			knownRegions = (
				en,
				Base,
			);
			mainGroup = F9361FA82490F8D700ADE1D8;
			packageReferences = (
				F9447BA4249DF65F00C80DF9 /* XCRemoteSwiftPackageReference "Alamofire" */,
				F94BC06724A36F92002ACA08 /* XCRemoteSwiftPackageReference "Kingfisher" */,
			);
			productRefGroup = F9361FB22490F8D700ADE1D8 /* Products */;
			projectDirPath = "";
			projectRoot = "";
			targets = (
				F9361FB02490F8D700ADE1D8 /* vk */,
			);
		};
/* End PBXProject section */

/* Begin PBXResourcesBuildPhase section */
		F9361FAF2490F8D700ADE1D8 /* Resources */ = {
			isa = PBXResourcesBuildPhase;
			buildActionMask = 2147483647;
			files = (
				F9361FC12490F8D900ADE1D8 /* LaunchScreen.storyboard in Resources */,
				F9361FBE2490F8D900ADE1D8 /* Assets.xcassets in Resources */,
			);
			runOnlyForDeploymentPostprocessing = 0;
		};
/* End PBXResourcesBuildPhase section */

/* Begin PBXSourcesBuildPhase section */
		F9361FAD2490F8D700ADE1D8 /* Sources */ = {
			isa = PBXSourcesBuildPhase;
			buildActionMask = 2147483647;
			files = (
				F94BC03724A1F79F002ACA08 /* ResponseWrapper.swift in Sources */,
				F9FCE21E24911A2700993EC4 /* Session.swift in Sources */,
				F94BC02624A0BCF1002ACA08 /* FriendsModels.swift in Sources */,
				F94BC02724A0BCF1002ACA08 /* FriendsViewController.swift in Sources */,
				F94BC03924A20DED002ACA08 /* UserTableViewCell.swift in Sources */,
				F94BC017249F76FE002ACA08 /* MainController.swift in Sources */,
				F94BC02824A0BCF1002ACA08 /* FriendsInteractor.swift in Sources */,
				F94BC02D24A0CF43002ACA08 /* UserResponse.swift in Sources */,
				F9361FB92490F8D700ADE1D8 /* LoginController.swift in Sources */,
				F94BC07724A37AB1002ACA08 /* UserProfileViewController.swift in Sources */,
				F94BC02F24A0F034002ACA08 /* PhotoResponse.swift in Sources */,
				F94BC07624A37AB1002ACA08 /* UserProfileModels.swift in Sources */,
				F9361FB52490F8D700ADE1D8 /* AppDelegate.swift in Sources */,
				F94BC07524A37AB1002ACA08 /* UserProfileRouter.swift in Sources */,
				F94BC03124A1DD8F002ACA08 /* CountableItem.swift in Sources */,
				F9FCE21A2491060900993EC4 /* UIView+Extension.swift in Sources */,
				F94BC07324A37AB1002ACA08 /* UserProfilePresenter.swift in Sources */,
				F94BC01B24A0977F002ACA08 /* AvatarImageView.swift in Sources */,
				F94BC03D24A252C5002ACA08 /* NetworkDataFetcher.swift in Sources */,
				F94BC03324A1F186002ACA08 /* GroupResponse.swift in Sources */,
				F94BC03B24A251BA002ACA08 /* DataFetcher.swift in Sources */,
				F94BC07824A37AB1002ACA08 /* UserProfileInteractor.swift in Sources */,
				F94BC02524A0BCF1002ACA08 /* FriendsRouter.swift in Sources */,
				F94BC06B24A37A11002ACA08 /* GalleryFlowLayout.swift in Sources */,
				F9447BA9249E052100C80DF9 /* NetworkService.swift in Sources */,
				F9361FB72490F8D700ADE1D8 /* SceneDelegate.swift in Sources */,
				F94BC02324A0BCF1002ACA08 /* FriendsPresenter.swift in Sources */,
				F94BC09A24A39C2D002ACA08 /* UserViewControl.swift in Sources */,
				F94BC09C24A5EB7A002ACA08 /* ButtonsPanel.swift in Sources */,
				F94BC07424A37AB1002ACA08 /* UserProfileWorker.swift in Sources */,
				F94BC02424A0BCF1002ACA08 /* FriendsWorker.swift in Sources */,
			);
			runOnlyForDeploymentPostprocessing = 0;
		};
/* End PBXSourcesBuildPhase section */

/* Begin PBXVariantGroup section */
		F9361FBF2490F8D900ADE1D8 /* LaunchScreen.storyboard */ = {
			isa = PBXVariantGroup;
			children = (
				F9361FC02490F8D900ADE1D8 /* Base */,
			);
			name = LaunchScreen.storyboard;
			sourceTree = "<group>";
		};
/* End PBXVariantGroup section */

/* Begin XCBuildConfiguration section */
		F9361FC32490F8D900ADE1D8 /* Debug */ = {
			isa = XCBuildConfiguration;
			buildSettings = {
				ALWAYS_SEARCH_USER_PATHS = NO;
				CLANG_ANALYZER_NONNULL = YES;
				CLANG_ANALYZER_NUMBER_OBJECT_CONVERSION = YES_AGGRESSIVE;
				CLANG_CXX_LANGUAGE_STANDARD = "gnu++14";
				CLANG_CXX_LIBRARY = "libc++";
				CLANG_ENABLE_MODULES = YES;
				CLANG_ENABLE_OBJC_ARC = YES;
				CLANG_ENABLE_OBJC_WEAK = YES;
				CLANG_WARN_BLOCK_CAPTURE_AUTORELEASING = YES;
				CLANG_WARN_BOOL_CONVERSION = YES;
				CLANG_WARN_COMMA = YES;
				CLANG_WARN_CONSTANT_CONVERSION = YES;
				CLANG_WARN_DEPRECATED_OBJC_IMPLEMENTATIONS = YES;
				CLANG_WARN_DIRECT_OBJC_ISA_USAGE = YES_ERROR;
				CLANG_WARN_DOCUMENTATION_COMMENTS = YES;
				CLANG_WARN_EMPTY_BODY = YES;
				CLANG_WARN_ENUM_CONVERSION = YES;
				CLANG_WARN_INFINITE_RECURSION = YES;
				CLANG_WARN_INT_CONVERSION = YES;
				CLANG_WARN_NON_LITERAL_NULL_CONVERSION = YES;
				CLANG_WARN_OBJC_IMPLICIT_RETAIN_SELF = YES;
				CLANG_WARN_OBJC_LITERAL_CONVERSION = YES;
				CLANG_WARN_OBJC_ROOT_CLASS = YES_ERROR;
				CLANG_WARN_RANGE_LOOP_ANALYSIS = YES;
				CLANG_WARN_STRICT_PROTOTYPES = YES;
				CLANG_WARN_SUSPICIOUS_MOVE = YES;
				CLANG_WARN_UNGUARDED_AVAILABILITY = YES_AGGRESSIVE;
				CLANG_WARN_UNREACHABLE_CODE = YES;
				CLANG_WARN__DUPLICATE_METHOD_MATCH = YES;
				COPY_PHASE_STRIP = NO;
				DEBUG_INFORMATION_FORMAT = dwarf;
				ENABLE_STRICT_OBJC_MSGSEND = YES;
				ENABLE_TESTABILITY = YES;
				GCC_C_LANGUAGE_STANDARD = gnu11;
				GCC_DYNAMIC_NO_PIC = NO;
				GCC_NO_COMMON_BLOCKS = YES;
				GCC_OPTIMIZATION_LEVEL = 0;
				GCC_PREPROCESSOR_DEFINITIONS = (
					"DEBUG=1",
					"$(inherited)",
				);
				GCC_WARN_64_TO_32_BIT_CONVERSION = YES;
				GCC_WARN_ABOUT_RETURN_TYPE = YES_ERROR;
				GCC_WARN_UNDECLARED_SELECTOR = YES;
				GCC_WARN_UNINITIALIZED_AUTOS = YES_AGGRESSIVE;
				GCC_WARN_UNUSED_FUNCTION = YES;
				GCC_WARN_UNUSED_VARIABLE = YES;
				IPHONEOS_DEPLOYMENT_TARGET = 13.5;
				MTL_ENABLE_DEBUG_INFO = INCLUDE_SOURCE;
				MTL_FAST_MATH = YES;
				ONLY_ACTIVE_ARCH = YES;
				SDKROOT = iphoneos;
				SWIFT_ACTIVE_COMPILATION_CONDITIONS = DEBUG;
				SWIFT_OPTIMIZATION_LEVEL = "-Onone";
			};
			name = Debug;
		};
		F9361FC42490F8D900ADE1D8 /* Release */ = {
			isa = XCBuildConfiguration;
			buildSettings = {
				ALWAYS_SEARCH_USER_PATHS = NO;
				CLANG_ANALYZER_NONNULL = YES;
				CLANG_ANALYZER_NUMBER_OBJECT_CONVERSION = YES_AGGRESSIVE;
				CLANG_CXX_LANGUAGE_STANDARD = "gnu++14";
				CLANG_CXX_LIBRARY = "libc++";
				CLANG_ENABLE_MODULES = YES;
				CLANG_ENABLE_OBJC_ARC = YES;
				CLANG_ENABLE_OBJC_WEAK = YES;
				CLANG_WARN_BLOCK_CAPTURE_AUTORELEASING = YES;
				CLANG_WARN_BOOL_CONVERSION = YES;
				CLANG_WARN_COMMA = YES;
				CLANG_WARN_CONSTANT_CONVERSION = YES;
				CLANG_WARN_DEPRECATED_OBJC_IMPLEMENTATIONS = YES;
				CLANG_WARN_DIRECT_OBJC_ISA_USAGE = YES_ERROR;
				CLANG_WARN_DOCUMENTATION_COMMENTS = YES;
				CLANG_WARN_EMPTY_BODY = YES;
				CLANG_WARN_ENUM_CONVERSION = YES;
				CLANG_WARN_INFINITE_RECURSION = YES;
				CLANG_WARN_INT_CONVERSION = YES;
				CLANG_WARN_NON_LITERAL_NULL_CONVERSION = YES;
				CLANG_WARN_OBJC_IMPLICIT_RETAIN_SELF = YES;
				CLANG_WARN_OBJC_LITERAL_CONVERSION = YES;
				CLANG_WARN_OBJC_ROOT_CLASS = YES_ERROR;
				CLANG_WARN_RANGE_LOOP_ANALYSIS = YES;
				CLANG_WARN_STRICT_PROTOTYPES = YES;
				CLANG_WARN_SUSPICIOUS_MOVE = YES;
				CLANG_WARN_UNGUARDED_AVAILABILITY = YES_AGGRESSIVE;
				CLANG_WARN_UNREACHABLE_CODE = YES;
				CLANG_WARN__DUPLICATE_METHOD_MATCH = YES;
				COPY_PHASE_STRIP = NO;
				DEBUG_INFORMATION_FORMAT = "dwarf-with-dsym";
				ENABLE_NS_ASSERTIONS = NO;
				ENABLE_STRICT_OBJC_MSGSEND = YES;
				GCC_C_LANGUAGE_STANDARD = gnu11;
				GCC_NO_COMMON_BLOCKS = YES;
				GCC_WARN_64_TO_32_BIT_CONVERSION = YES;
				GCC_WARN_ABOUT_RETURN_TYPE = YES_ERROR;
				GCC_WARN_UNDECLARED_SELECTOR = YES;
				GCC_WARN_UNINITIALIZED_AUTOS = YES_AGGRESSIVE;
				GCC_WARN_UNUSED_FUNCTION = YES;
				GCC_WARN_UNUSED_VARIABLE = YES;
				IPHONEOS_DEPLOYMENT_TARGET = 13.5;
				MTL_ENABLE_DEBUG_INFO = NO;
				MTL_FAST_MATH = YES;
				SDKROOT = iphoneos;
				SWIFT_COMPILATION_MODE = wholemodule;
				SWIFT_OPTIMIZATION_LEVEL = "-O";
				VALIDATE_PRODUCT = YES;
			};
			name = Release;
		};
		F9361FC62490F8D900ADE1D8 /* Debug */ = {
			isa = XCBuildConfiguration;
			buildSettings = {
				ASSETCATALOG_COMPILER_APPICON_NAME = AppIcon;
				CODE_SIGN_STYLE = Automatic;
				INFOPLIST_FILE = vk/Info.plist;
				LD_RUNPATH_SEARCH_PATHS = (
					"$(inherited)",
					"@executable_path/Frameworks",
				);
				PRODUCT_BUNDLE_IDENTIFIER = ru.lysakov.vk;
				PRODUCT_NAME = "$(TARGET_NAME)";
				SWIFT_VERSION = 5.0;
				TARGETED_DEVICE_FAMILY = "1,2";
			};
			name = Debug;
		};
		F9361FC72490F8D900ADE1D8 /* Release */ = {
			isa = XCBuildConfiguration;
			buildSettings = {
				ASSETCATALOG_COMPILER_APPICON_NAME = AppIcon;
				CODE_SIGN_STYLE = Automatic;
				INFOPLIST_FILE = vk/Info.plist;
				LD_RUNPATH_SEARCH_PATHS = (
					"$(inherited)",
					"@executable_path/Frameworks",
				);
				PRODUCT_BUNDLE_IDENTIFIER = ru.lysakov.vk;
				PRODUCT_NAME = "$(TARGET_NAME)";
				SWIFT_VERSION = 5.0;
				TARGETED_DEVICE_FAMILY = "1,2";
			};
			name = Release;
		};
/* End XCBuildConfiguration section */

/* Begin XCConfigurationList section */
		F9361FAC2490F8D700ADE1D8 /* Build configuration list for PBXProject "vk" */ = {
			isa = XCConfigurationList;
			buildConfigurations = (
				F9361FC32490F8D900ADE1D8 /* Debug */,
				F9361FC42490F8D900ADE1D8 /* Release */,
			);
			defaultConfigurationIsVisible = 0;
			defaultConfigurationName = Release;
		};
		F9361FC52490F8D900ADE1D8 /* Build configuration list for PBXNativeTarget "vk" */ = {
			isa = XCConfigurationList;
			buildConfigurations = (
				F9361FC62490F8D900ADE1D8 /* Debug */,
				F9361FC72490F8D900ADE1D8 /* Release */,
			);
			defaultConfigurationIsVisible = 0;
			defaultConfigurationName = Release;
		};
/* End XCConfigurationList section */

/* Begin XCRemoteSwiftPackageReference section */
		F9447BA4249DF65F00C80DF9 /* XCRemoteSwiftPackageReference "Alamofire" */ = {
			isa = XCRemoteSwiftPackageReference;
			repositoryURL = "https://github.com/Alamofire/Alamofire.git";
			requirement = {
				kind = upToNextMajorVersion;
				minimumVersion = 5.2.1;
			};
		};
		F94BC06724A36F92002ACA08 /* XCRemoteSwiftPackageReference "Kingfisher" */ = {
			isa = XCRemoteSwiftPackageReference;
			repositoryURL = "https://github.com/onevcat/Kingfisher.git";
			requirement = {
				kind = upToNextMajorVersion;
				minimumVersion = 5.14.0;
			};
		};
/* End XCRemoteSwiftPackageReference section */

/* Begin XCSwiftPackageProductDependency section */
		F9447BA5249DF65F00C80DF9 /* Alamofire */ = {
			isa = XCSwiftPackageProductDependency;
			package = F9447BA4249DF65F00C80DF9 /* XCRemoteSwiftPackageReference "Alamofire" */;
			productName = Alamofire;
		};
		F94BC06824A36F92002ACA08 /* Kingfisher */ = {
			isa = XCSwiftPackageProductDependency;
			package = F94BC06724A36F92002ACA08 /* XCRemoteSwiftPackageReference "Kingfisher" */;
			productName = Kingfisher;
		};
/* End XCSwiftPackageProductDependency section */
	};
	rootObject = F9361FA92490F8D700ADE1D8 /* Project object */;
}
